
Microsoft Visual Studio Solution File, Format Version 12.00
# Visual Studio 15
VisualStudioVersion = 15.0.28010.2041
MinimumVisualStudioVersion = 10.0.40219.1
Project("{FAE04EC0-301F-11D3-BF4B-00C04F79EFBC}") = "SuperBGInfo", "SuperBGInfo\SuperBGInfo.csproj", "{10916BD8-B6B6-4EA2-963F-1CC9D267684E}"
EndProject
Global
	GlobalSection(SolutionConfigurationPlatforms) = preSolution
		Debug|Any CPU = Debug|Any CPU
		Release|Any CPU = Release|Any CPU
	EndGlobalSection
	GlobalSection(ProjectConfigurationPlatforms) = postSolution
		{10916BD8-B6B6-4EA2-963F-1CC9D267684E}.Debug|Any CPU.ActiveCfg = Debug|Any CPU
		{10916BD8-B6B6-4EA2-963F-1CC9D267684E}.Debug|Any CPU.Build.0 = Debug|Any CPU
		{10916BD8-B6B6-4EA2-963F-1CC9D267684E}.Release|Any CPU.ActiveCfg = Release|Any CPU
		{10916BD8-B6B6-4EA2-963F-1CC9D267684E}.Release|Any CPU.Build.0 = Release|Any CPU
	EndGlobalSection
	GlobalSection(SolutionProperties) = preSolution
		HideSolutionNode = FALSE
	EndGlobalSection
	GlobalSection(ExtensibilityGlobals) = postSolution
		SolutionGuid = {533107CC-FAA0-4581-90CE-50E6D4A53C68}
	EndGlobalSection
EndGlobal
